
Microsoft Visual Studio Solution File, Format Version 12.00
# Visual Studio 15
VisualStudioVersion = 15.0.28307.489
MinimumVisualStudioVersion = 10.0.40219.1
Project("{2150E333-8FDC-42A3-9474-1A3956D46DE8}") = "src", "src", "{673A6282-F2A9-4A15-BBCF-2CD6C83BDD55}"
EndProject
Project("{FAE04EC0-301F-11D3-BF4B-00C04F79EFBC}") = "Words.Core", "src\Words.Core\Words.Core.csproj", "{D4FD1872-CD1D-42A2-AEFB-00E5EA04AFD2}"
EndProject
Project("{2150E333-8FDC-42A3-9474-1A3956D46DE8}") = "test", "test", "{425C642A-B405-4F18-8EF4-3A622E42C75D}"
EndProject
Project("{FAE04EC0-301F-11D3-BF4B-00C04F79EFBC}") = "Words.Test", "test\Words.Test\Words.Test.csproj", "{5153B2D5-60BA-4905-9858-7EF4FD8B2721}"
EndProject
Global
	GlobalSection(SolutionConfigurationPlatforms) = preSolution
		Debug|Any CPU = Debug|Any CPU
		Release|Any CPU = Release|Any CPU
	EndGlobalSection
	GlobalSection(ProjectConfigurationPlatforms) = postSolution
		{D4FD1872-CD1D-42A2-AEFB-00E5EA04AFD2}.Debug|Any CPU.ActiveCfg = Debug|Any CPU
		{D4FD1872-CD1D-42A2-AEFB-00E5EA04AFD2}.Debug|Any CPU.Build.0 = Debug|Any CPU
		{D4FD1872-CD1D-42A2-AEFB-00E5EA04AFD2}.Release|Any CPU.ActiveCfg = Release|Any CPU
		{D4FD1872-CD1D-42A2-AEFB-00E5EA04AFD2}.Release|Any CPU.Build.0 = Release|Any CPU
		{5153B2D5-60BA-4905-9858-7EF4FD8B2721}.Debug|Any CPU.ActiveCfg = Debug|Any CPU
		{5153B2D5-60BA-4905-9858-7EF4FD8B2721}.Debug|Any CPU.Build.0 = Debug|Any CPU
		{5153B2D5-60BA-4905-9858-7EF4FD8B2721}.Release|Any CPU.ActiveCfg = Release|Any CPU
		{5153B2D5-60BA-4905-9858-7EF4FD8B2721}.Release|Any CPU.Build.0 = Release|Any CPU
	EndGlobalSection
	GlobalSection(NestedProjects) = preSolution
		{D4FD1872-CD1D-42A2-AEFB-00E5EA04AFD2} = {673A6282-F2A9-4A15-BBCF-2CD6C83BDD55}
		{5153B2D5-60BA-4905-9858-7EF4FD8B2721} = {425C642A-B405-4F18-8EF4-3A622E42C75D}
	EndGlobalSection
EndGlobal
